// !$*UTF8*$!
{
	archiveVersion = 1;
	classes = {
	};
	objectVersion = 51;
	objects = {

/* Begin PBXBuildFile section */
		35EA592F02841B69945A656B /* Pods_MitPostiOS.framework in Frameworks */ = {isa = PBXBuildFile; fileRef = 30497F9AB7B52D13CF9F1301 /* Pods_MitPostiOS.framework */; };
		C60AE54E2688FCD80003C6F4 /* Extensions.swift in Sources */ = {isa = PBXBuildFile; fileRef = C60AE54D2688FCD80003C6F4 /* Extensions.swift */; };
		C60AE5512688FE060003C6F4 /* MasterTabBarController.swift in Sources */ = {isa = PBXBuildFile; fileRef = C60AE5502688FE060003C6F4 /* MasterTabBarController.swift */; };
		C60AE553268901A10003C6F4 /* MasterNavController.swift in Sources */ = {isa = PBXBuildFile; fileRef = C60AE552268901A10003C6F4 /* MasterNavController.swift */; };
		C60AE555268901FD0003C6F4 /* SocialTableViewController.swift in Sources */ = {isa = PBXBuildFile; fileRef = C60AE554268901FD0003C6F4 /* SocialTableViewController.swift */; };
		C60AE557268902230003C6F4 /* SLCMViewController.swift in Sources */ = {isa = PBXBuildFile; fileRef = C60AE556268902230003C6F4 /* SLCMViewController.swift */; };
		C60AE559268902690003C6F4 /* EventsTableViewController.swift in Sources */ = {isa = PBXBuildFile; fileRef = C60AE558268902690003C6F4 /* EventsTableViewController.swift */; };
		C60AE55B2689027A0003C6F4 /* NoticesTableViewController.swift in Sources */ = {isa = PBXBuildFile; fileRef = C60AE55A2689027A0003C6F4 /* NoticesTableViewController.swift */; };
		C60AE55D26890B7E0003C6F4 /* InfoTableViewController.swift in Sources */ = {isa = PBXBuildFile; fileRef = C60AE55C26890B7E0003C6F4 /* InfoTableViewController.swift */; };
		C64B083F268A49D800696FEA /* Networking.swift in Sources */ = {isa = PBXBuildFile; fileRef = C64B083E268A49D800696FEA /* Networking.swift */; };
		C64B0841268A50ED00696FEA /* ArticleCell.swift in Sources */ = {isa = PBXBuildFile; fileRef = C64B0840268A50ED00696FEA /* ArticleCell.swift */; };
		C64B0843268A5FB000696FEA /* ArticleModel.swift in Sources */ = {isa = PBXBuildFile; fileRef = C64B0842268A5FB000696FEA /* ArticleModel.swift */; };
		C666AA332690B17800C37684 /* SearchTagsController.swift in Sources */ = {isa = PBXBuildFile; fileRef = C666AA322690B17800C37684 /* SearchTagsController.swift */; };
		C67005142690EFA600878694 /* NoticeModel.swift in Sources */ = {isa = PBXBuildFile; fileRef = C67005132690EFA600878694 /* NoticeModel.swift */; };
		C67005162690F30A00878694 /* Caching.swift in Sources */ = {isa = PBXBuildFile; fileRef = C67005152690F30A00878694 /* Caching.swift */; };
		C67005182690F74A00878694 /* SocialModels.swift in Sources */ = {isa = PBXBuildFile; fileRef = C67005172690F74A00878694 /* SocialModels.swift */; };
		C670051A2690F95B00878694 /* InstagramCollectionViewCell.swift in Sources */ = {isa = PBXBuildFile; fileRef = C67005192690F95B00878694 /* InstagramCollectionViewCell.swift */; };
		C6BAA3F5268CAD7000D3ED11 /* TwitterCell.swift in Sources */ = {isa = PBXBuildFile; fileRef = C6BAA3F4268CAD7000D3ED11 /* TwitterCell.swift */; };
		C6C8C559268CD033008A6799 /* InstagramTableViewCell.swift in Sources */ = {isa = PBXBuildFile; fileRef = C6C8C558268CD033008A6799 /* InstagramTableViewCell.swift */; };
		C6C8C55B268CD13A008A6799 /* InstagramHorizontalController.swift in Sources */ = {isa = PBXBuildFile; fileRef = C6C8C55A268CD13A008A6799 /* InstagramHorizontalController.swift */; };
		C6FDE0042688F8BF00CBC270 /* AppDelegate.swift in Sources */ = {isa = PBXBuildFile; fileRef = C6FDE0032688F8BF00CBC270 /* AppDelegate.swift */; };
		C6FDE0062688F8BF00CBC270 /* SceneDelegate.swift in Sources */ = {isa = PBXBuildFile; fileRef = C6FDE0052688F8BF00CBC270 /* SceneDelegate.swift */; };
		C6FDE0082688F8BF00CBC270 /* ArticleViewController.swift in Sources */ = {isa = PBXBuildFile; fileRef = C6FDE0072688F8BF00CBC270 /* ArticleViewController.swift */; };
		C6FDE00E2688F8BF00CBC270 /* MitPostiOS.xcdatamodeld in Sources */ = {isa = PBXBuildFile; fileRef = C6FDE00C2688F8BF00CBC270 /* MitPostiOS.xcdatamodeld */; };
		C6FDE0102688F8C100CBC270 /* Assets.xcassets in Resources */ = {isa = PBXBuildFile; fileRef = C6FDE00F2688F8C100CBC270 /* Assets.xcassets */; };
		C6FDE0132688F8C100CBC270 /* LaunchScreen.storyboard in Resources */ = {isa = PBXBuildFile; fileRef = C6FDE0112688F8C100CBC270 /* LaunchScreen.storyboard */; };
/* End PBXBuildFile section */

/* Begin PBXFileReference section */
		04F28976DA3AC0EA6F3A72DD /* Pods-MitPostiOS.release.xcconfig */ = {isa = PBXFileReference; includeInIndex = 1; lastKnownFileType = text.xcconfig; name = "Pods-MitPostiOS.release.xcconfig"; path = "Target Support Files/Pods-MitPostiOS/Pods-MitPostiOS.release.xcconfig"; sourceTree = "<group>"; };
		0DBD640F2C49C516B3FCDBD2 /* Pods-MitPostiOS.debug.xcconfig */ = {isa = PBXFileReference; includeInIndex = 1; lastKnownFileType = text.xcconfig; name = "Pods-MitPostiOS.debug.xcconfig"; path = "Target Support Files/Pods-MitPostiOS/Pods-MitPostiOS.debug.xcconfig"; sourceTree = "<group>"; };
		30497F9AB7B52D13CF9F1301 /* Pods_MitPostiOS.framework */ = {isa = PBXFileReference; explicitFileType = wrapper.framework; includeInIndex = 0; path = Pods_MitPostiOS.framework; sourceTree = BUILT_PRODUCTS_DIR; };
		C60AE54D2688FCD80003C6F4 /* Extensions.swift */ = {isa = PBXFileReference; lastKnownFileType = sourcecode.swift; path = Extensions.swift; sourceTree = "<group>"; };
		C60AE5502688FE060003C6F4 /* MasterTabBarController.swift */ = {isa = PBXFileReference; lastKnownFileType = sourcecode.swift; path = MasterTabBarController.swift; sourceTree = "<group>"; };
		C60AE552268901A10003C6F4 /* MasterNavController.swift */ = {isa = PBXFileReference; lastKnownFileType = sourcecode.swift; path = MasterNavController.swift; sourceTree = "<group>"; };
		C60AE554268901FD0003C6F4 /* SocialTableViewController.swift */ = {isa = PBXFileReference; lastKnownFileType = sourcecode.swift; path = SocialTableViewController.swift; sourceTree = "<group>"; };
		C60AE556268902230003C6F4 /* SLCMViewController.swift */ = {isa = PBXFileReference; lastKnownFileType = sourcecode.swift; path = SLCMViewController.swift; sourceTree = "<group>"; };
		C60AE558268902690003C6F4 /* EventsTableViewController.swift */ = {isa = PBXFileReference; lastKnownFileType = sourcecode.swift; path = EventsTableViewController.swift; sourceTree = "<group>"; };
		C60AE55A2689027A0003C6F4 /* NoticesTableViewController.swift */ = {isa = PBXFileReference; lastKnownFileType = sourcecode.swift; path = NoticesTableViewController.swift; sourceTree = "<group>"; };
		C60AE55C26890B7E0003C6F4 /* InfoTableViewController.swift */ = {isa = PBXFileReference; lastKnownFileType = sourcecode.swift; path = InfoTableViewController.swift; sourceTree = "<group>"; };
		C64B083E268A49D800696FEA /* Networking.swift */ = {isa = PBXFileReference; lastKnownFileType = sourcecode.swift; path = Networking.swift; sourceTree = "<group>"; };
		C64B0840268A50ED00696FEA /* ArticleCell.swift */ = {isa = PBXFileReference; lastKnownFileType = sourcecode.swift; path = ArticleCell.swift; sourceTree = "<group>"; };
		C64B0842268A5FB000696FEA /* ArticleModel.swift */ = {isa = PBXFileReference; lastKnownFileType = sourcecode.swift; path = ArticleModel.swift; sourceTree = "<group>"; };
		C666AA322690B17800C37684 /* SearchTagsController.swift */ = {isa = PBXFileReference; lastKnownFileType = sourcecode.swift; path = SearchTagsController.swift; sourceTree = "<group>"; };
		C67005132690EFA600878694 /* NoticeModel.swift */ = {isa = PBXFileReference; lastKnownFileType = sourcecode.swift; path = NoticeModel.swift; sourceTree = "<group>"; };
		C67005152690F30A00878694 /* Caching.swift */ = {isa = PBXFileReference; lastKnownFileType = sourcecode.swift; path = Caching.swift; sourceTree = "<group>"; };
		C67005172690F74A00878694 /* SocialModels.swift */ = {isa = PBXFileReference; lastKnownFileType = sourcecode.swift; path = SocialModels.swift; sourceTree = "<group>"; };
		C67005192690F95B00878694 /* InstagramCollectionViewCell.swift */ = {isa = PBXFileReference; lastKnownFileType = sourcecode.swift; path = InstagramCollectionViewCell.swift; sourceTree = "<group>"; };
		C6BAA3F4268CAD7000D3ED11 /* TwitterCell.swift */ = {isa = PBXFileReference; lastKnownFileType = sourcecode.swift; path = TwitterCell.swift; sourceTree = "<group>"; };
		C6C8C558268CD033008A6799 /* InstagramTableViewCell.swift */ = {isa = PBXFileReference; lastKnownFileType = sourcecode.swift; path = InstagramTableViewCell.swift; sourceTree = "<group>"; };
		C6C8C55A268CD13A008A6799 /* InstagramHorizontalController.swift */ = {isa = PBXFileReference; lastKnownFileType = sourcecode.swift; path = InstagramHorizontalController.swift; sourceTree = "<group>"; };
		C6FDE0002688F8BF00CBC270 /* MitPostiOS.app */ = {isa = PBXFileReference; explicitFileType = wrapper.application; includeInIndex = 0; path = MitPostiOS.app; sourceTree = BUILT_PRODUCTS_DIR; };
		C6FDE0032688F8BF00CBC270 /* AppDelegate.swift */ = {isa = PBXFileReference; lastKnownFileType = sourcecode.swift; path = AppDelegate.swift; sourceTree = "<group>"; };
		C6FDE0052688F8BF00CBC270 /* SceneDelegate.swift */ = {isa = PBXFileReference; lastKnownFileType = sourcecode.swift; path = SceneDelegate.swift; sourceTree = "<group>"; };
		C6FDE0072688F8BF00CBC270 /* ArticleViewController.swift */ = {isa = PBXFileReference; lastKnownFileType = sourcecode.swift; path = ArticleViewController.swift; sourceTree = "<group>"; };
		C6FDE00D2688F8BF00CBC270 /* MitPostiOS.xcdatamodel */ = {isa = PBXFileReference; lastKnownFileType = wrapper.xcdatamodel; path = MitPostiOS.xcdatamodel; sourceTree = "<group>"; };
		C6FDE00F2688F8C100CBC270 /* Assets.xcassets */ = {isa = PBXFileReference; lastKnownFileType = folder.assetcatalog; path = Assets.xcassets; sourceTree = "<group>"; };
		C6FDE0122688F8C100CBC270 /* Base */ = {isa = PBXFileReference; lastKnownFileType = file.storyboard; name = Base; path = Base.lproj/LaunchScreen.storyboard; sourceTree = "<group>"; };
		C6FDE0142688F8C100CBC270 /* Info.plist */ = {isa = PBXFileReference; lastKnownFileType = text.plist.xml; path = Info.plist; sourceTree = "<group>"; };
/* End PBXFileReference section */

/* Begin PBXFrameworksBuildPhase section */
		C6FDDFFD2688F8BF00CBC270 /* Frameworks */ = {
			isa = PBXFrameworksBuildPhase;
			buildActionMask = 2147483647;
			files = (
				35EA592F02841B69945A656B /* Pods_MitPostiOS.framework in Frameworks */,
			);
			runOnlyForDeploymentPostprocessing = 0;
		};
/* End PBXFrameworksBuildPhase section */

/* Begin PBXGroup section */
		C26A54B036690B93DAC5C61B /* Frameworks */ = {
			isa = PBXGroup;
			children = (
				30497F9AB7B52D13CF9F1301 /* Pods_MitPostiOS.framework */,
			);
			name = Frameworks;
			sourceTree = "<group>";
		};
		C60AE54F2688FDEC0003C6F4 /* Master */ = {
			isa = PBXGroup;
			children = (
				C6FDE0052688F8BF00CBC270 /* SceneDelegate.swift */,
				C6FDE0032688F8BF00CBC270 /* AppDelegate.swift */,
				C60AE5502688FE060003C6F4 /* MasterTabBarController.swift */,
				C60AE552268901A10003C6F4 /* MasterNavController.swift */,
			);
			path = Master;
			sourceTree = "<group>";
		};
		C64B0844268A61E800696FEA /* Articles */ = {
			isa = PBXGroup;
			children = (
				C64B0845268A61FA00696FEA /* View */,
				C64B0846268A620200696FEA /* Model */,
				C64B0847268A620900696FEA /* Controller */,
			);
			path = Articles;
			sourceTree = "<group>";
		};
		C64B0845268A61FA00696FEA /* View */ = {
			isa = PBXGroup;
			children = (
				C64B0840268A50ED00696FEA /* ArticleCell.swift */,
			);
			path = View;
			sourceTree = "<group>";
		};
		C64B0846268A620200696FEA /* Model */ = {
			isa = PBXGroup;
			children = (
				C64B0842268A5FB000696FEA /* ArticleModel.swift */,
			);
			path = Model;
			sourceTree = "<group>";
		};
		C64B0847268A620900696FEA /* Controller */ = {
			isa = PBXGroup;
			children = (
				C6FDE0072688F8BF00CBC270 /* ArticleViewController.swift */,
				C666AA322690B17800C37684 /* SearchTagsController.swift */,
			);
			path = Controller;
			sourceTree = "<group>";
		};
		C67EA1742696E5D00020CDD1 /* Notice */ = {
			isa = PBXGroup;
			children = (
				C67EA1762696E5EB0020CDD1 /* Model */,
				C67EA1752696E5DA0020CDD1 /* Controller */,
			);
			path = Notice;
			sourceTree = "<group>";
		};
		C67EA1752696E5DA0020CDD1 /* Controller */ = {
			isa = PBXGroup;
			children = (
				C60AE55A2689027A0003C6F4 /* NoticesTableViewController.swift */,
			);
			path = Controller;
			sourceTree = "<group>";
		};
		C67EA1762696E5EB0020CDD1 /* Model */ = {
			isa = PBXGroup;
			children = (
				C67005132690EFA600878694 /* NoticeModel.swift */,
			);
			path = Model;
			sourceTree = "<group>";
		};
		C67EA1772696E6E20020CDD1 /* Events */ = {
			isa = PBXGroup;
			children = (
				C60AE558268902690003C6F4 /* EventsTableViewController.swift */,
			);
			path = Events;
			sourceTree = "<group>";
		};
		C6C8C55C268CDEDF008A6799 /* Social */ = {
			isa = PBXGroup;
			children = (
				C6C8C55E268CDF0A008A6799 /* View */,
				C6C8C55D268CDEEA008A6799 /* Controller */,
				C67005172690F74A00878694 /* SocialModels.swift */,
			);
			path = Social;
			sourceTree = "<group>";
		};
		C6C8C55D268CDEEA008A6799 /* Controller */ = {
			isa = PBXGroup;
			children = (
				C6C8C55A268CD13A008A6799 /* InstagramHorizontalController.swift */,
				C60AE554268901FD0003C6F4 /* SocialTableViewController.swift */,
			);
			path = Controller;
			sourceTree = "<group>";
		};
		C6C8C55E268CDF0A008A6799 /* View */ = {
			isa = PBXGroup;
			children = (
				C6BAA3F4268CAD7000D3ED11 /* TwitterCell.swift */,
				C6C8C558268CD033008A6799 /* InstagramTableViewCell.swift */,
				C67005192690F95B00878694 /* InstagramCollectionViewCell.swift */,
			);
			path = View;
			sourceTree = "<group>";
		};
		C6C8C55F268CDF20008A6799 /* Services and Utilities */ = {
			isa = PBXGroup;
			children = (
				C64B083E268A49D800696FEA /* Networking.swift */,
				C60AE54D2688FCD80003C6F4 /* Extensions.swift */,
			);
			path = "Services and Utilities";
			sourceTree = "<group>";
		};
		C6FDDFF72688F8BE00CBC270 = {
			isa = PBXGroup;
			children = (
				C6FDE0022688F8BF00CBC270 /* MitPostiOS */,
				C6FDE0012688F8BF00CBC270 /* Products */,
				CF3E2300D545C33279FEF404 /* Pods */,
				C26A54B036690B93DAC5C61B /* Frameworks */,
			);
			sourceTree = "<group>";
		};
		C6FDE0012688F8BF00CBC270 /* Products */ = {
			isa = PBXGroup;
			children = (
				C6FDE0002688F8BF00CBC270 /* MitPostiOS.app */,
			);
			name = Products;
			sourceTree = "<group>";
		};
		C6FDE0022688F8BF00CBC270 /* MitPostiOS */ = {
			isa = PBXGroup;
			children = (
				C6FDE00C2688F8BF00CBC270 /* MitPostiOS.xcdatamodeld */,
				C6FDE0142688F8C100CBC270 /* Info.plist */,
				C6FDE00F2688F8C100CBC270 /* Assets.xcassets */,
				C60AE54F2688FDEC0003C6F4 /* Master */,
				C64B0844268A61E800696FEA /* Articles */,
				C6C8C55C268CDEDF008A6799 /* Social */,
				C60AE556268902230003C6F4 /* SLCMViewController.swift */,
				C67EA1772696E6E20020CDD1 /* Events */,
				C67EA1742696E5D00020CDD1 /* Notice */,
				C60AE55C26890B7E0003C6F4 /* InfoTableViewController.swift */,
				C6FDE0112688F8C100CBC270 /* LaunchScreen.storyboard */,
				C6C8C55F268CDF20008A6799 /* Services and Utilities */,
				C67005152690F30A00878694 /* Caching.swift */,
			);
			path = MitPostiOS;
			sourceTree = "<group>";
		};
		CF3E2300D545C33279FEF404 /* Pods */ = {
			isa = PBXGroup;
			children = (
				0DBD640F2C49C516B3FCDBD2 /* Pods-MitPostiOS.debug.xcconfig */,
				04F28976DA3AC0EA6F3A72DD /* Pods-MitPostiOS.release.xcconfig */,
			);
			path = Pods;
			sourceTree = "<group>";
		};
/* End PBXGroup section */

/* Begin PBXNativeTarget section */
		C6FDDFFF2688F8BF00CBC270 /* MitPostiOS */ = {
			isa = PBXNativeTarget;
			buildConfigurationList = C6FDE0172688F8C100CBC270 /* Build configuration list for PBXNativeTarget "MitPostiOS" */;
			buildPhases = (
				3E1A37201EFC374DD39C3945 /* [CP] Check Pods Manifest.lock */,
				C6FDDFFC2688F8BF00CBC270 /* Sources */,
				C6FDDFFD2688F8BF00CBC270 /* Frameworks */,
				C6FDDFFE2688F8BF00CBC270 /* Resources */,
				800D606C7A06403F276A5A1F /* [CP] Embed Pods Frameworks */,
			);
			buildRules = (
			);
			dependencies = (
			);
			name = MitPostiOS;
			productName = MitPostiOS;
			productReference = C6FDE0002688F8BF00CBC270 /* MitPostiOS.app */;
			productType = "com.apple.product-type.application";
		};
/* End PBXNativeTarget section */

/* Begin PBXProject section */
		C6FDDFF82688F8BE00CBC270 /* Project object */ = {
			isa = PBXProject;
			attributes = {
				LastSwiftUpdateCheck = 1250;
				LastUpgradeCheck = 1250;
				TargetAttributes = {
					C6FDDFFF2688F8BF00CBC270 = {
						CreatedOnToolsVersion = 12.5;
					};
				};
			};
			buildConfigurationList = C6FDDFFB2688F8BE00CBC270 /* Build configuration list for PBXProject "MitPostiOS" */;
			compatibilityVersion = "Xcode 9.3";
			developmentRegion = en;
			hasScannedForEncodings = 0;
			knownRegions = (
				en,
				Base,
			);
			mainGroup = C6FDDFF72688F8BE00CBC270;
			productRefGroup = C6FDE0012688F8BF00CBC270 /* Products */;
			projectDirPath = "";
			projectRoot = "";
			targets = (
				C6FDDFFF2688F8BF00CBC270 /* MitPostiOS */,
			);
		};
/* End PBXProject section */

/* Begin PBXResourcesBuildPhase section */
		C6FDDFFE2688F8BF00CBC270 /* Resources */ = {
			isa = PBXResourcesBuildPhase;
			buildActionMask = 2147483647;
			files = (
				C6FDE0132688F8C100CBC270 /* LaunchScreen.storyboard in Resources */,
				C6FDE0102688F8C100CBC270 /* Assets.xcassets in Resources */,
			);
			runOnlyForDeploymentPostprocessing = 0;
		};
/* End PBXResourcesBuildPhase section */

/* Begin PBXShellScriptBuildPhase section */
		3E1A37201EFC374DD39C3945 /* [CP] Check Pods Manifest.lock */ = {
			isa = PBXShellScriptBuildPhase;
			buildActionMask = 2147483647;
			files = (
			);
			inputFileListPaths = (
			);
			inputPaths = (
				"${PODS_PODFILE_DIR_PATH}/Podfile.lock",
				"${PODS_ROOT}/Manifest.lock",
			);
			name = "[CP] Check Pods Manifest.lock";
			outputFileListPaths = (
			);
			outputPaths = (
				"$(DERIVED_FILE_DIR)/Pods-MitPostiOS-checkManifestLockResult.txt",
			);
			runOnlyForDeploymentPostprocessing = 0;
			shellPath = /bin/sh;
			shellScript = "diff \"${PODS_PODFILE_DIR_PATH}/Podfile.lock\" \"${PODS_ROOT}/Manifest.lock\" > /dev/null\nif [ $? != 0 ] ; then\n    # print error to STDERR\n    echo \"error: The sandbox is not in sync with the Podfile.lock. Run 'pod install' or update your CocoaPods installation.\" >&2\n    exit 1\nfi\n# This output is used by Xcode 'outputs' to avoid re-running this script phase.\necho \"SUCCESS\" > \"${SCRIPT_OUTPUT_FILE_0}\"\n";
			showEnvVarsInLog = 0;
		};
		800D606C7A06403F276A5A1F /* [CP] Embed Pods Frameworks */ = {
			isa = PBXShellScriptBuildPhase;
			buildActionMask = 2147483647;
			files = (
			);
			inputFileListPaths = (
				"${PODS_ROOT}/Target Support Files/Pods-MitPostiOS/Pods-MitPostiOS-frameworks-${CONFIGURATION}-input-files.xcfilelist",
			);
			name = "[CP] Embed Pods Frameworks";
			outputFileListPaths = (
				"${PODS_ROOT}/Target Support Files/Pods-MitPostiOS/Pods-MitPostiOS-frameworks-${CONFIGURATION}-output-files.xcfilelist",
			);
			runOnlyForDeploymentPostprocessing = 0;
			shellPath = /bin/sh;
			shellScript = "\"${PODS_ROOT}/Target Support Files/Pods-MitPostiOS/Pods-MitPostiOS-frameworks.sh\"\n";
			showEnvVarsInLog = 0;
		};
/* End PBXShellScriptBuildPhase section */

/* Begin PBXSourcesBuildPhase section */
		C6FDDFFC2688F8BF00CBC270 /* Sources */ = {
			isa = PBXSourcesBuildPhase;
			buildActionMask = 2147483647;
			files = (
				C60AE54E2688FCD80003C6F4 /* Extensions.swift in Sources */,
				C64B0843268A5FB000696FEA /* ArticleModel.swift in Sources */,
				C6FDE0082688F8BF00CBC270 /* ArticleViewController.swift in Sources */,
				C6FDE0042688F8BF00CBC270 /* AppDelegate.swift in Sources */,
				C64B083F268A49D800696FEA /* Networking.swift in Sources */,
				C64B0841268A50ED00696FEA /* ArticleCell.swift in Sources */,
				C60AE55D26890B7E0003C6F4 /* InfoTableViewController.swift in Sources */,
				C6C8C559268CD033008A6799 /* InstagramTableViewCell.swift in Sources */,
				C666AA332690B17800C37684 /* SearchTagsController.swift in Sources */,
				C60AE553268901A10003C6F4 /* MasterNavController.swift in Sources */,
				C60AE555268901FD0003C6F4 /* SocialTableViewController.swift in Sources */,
				C6FDE00E2688F8BF00CBC270 /* MitPostiOS.xcdatamodeld in Sources */,
				C6FDE0062688F8BF00CBC270 /* SceneDelegate.swift in Sources */,
				C6C8C55B268CD13A008A6799 /* InstagramHorizontalController.swift in Sources */,
				C60AE557268902230003C6F4 /* SLCMViewController.swift in Sources */,
				C67005162690F30A00878694 /* Caching.swift in Sources */,
				C67005142690EFA600878694 /* NoticeModel.swift in Sources */,
				C670051A2690F95B00878694 /* InstagramCollectionViewCell.swift in Sources */,
				C60AE559268902690003C6F4 /* EventsTableViewController.swift in Sources */,
				C60AE5512688FE060003C6F4 /* MasterTabBarController.swift in Sources */,
				C60AE55B2689027A0003C6F4 /* NoticesTableViewController.swift in Sources */,
				C67005182690F74A00878694 /* SocialModels.swift in Sources */,
				C6BAA3F5268CAD7000D3ED11 /* TwitterCell.swift in Sources */,
			);
			runOnlyForDeploymentPostprocessing = 0;
		};
/* End PBXSourcesBuildPhase section */

/* Begin PBXVariantGroup section */
		C6FDE0112688F8C100CBC270 /* LaunchScreen.storyboard */ = {
			isa = PBXVariantGroup;
			children = (
				C6FDE0122688F8C100CBC270 /* Base */,
			);
			name = LaunchScreen.storyboard;
			sourceTree = "<group>";
		};
/* End PBXVariantGroup section */

/* Begin XCBuildConfiguration section */
		C6FDE0152688F8C100CBC270 /* Debug */ = {
			isa = XCBuildConfiguration;
			buildSettings = {
				ALWAYS_SEARCH_USER_PATHS = NO;
				CLANG_ANALYZER_NONNULL = YES;
				CLANG_ANALYZER_NUMBER_OBJECT_CONVERSION = YES_AGGRESSIVE;
				CLANG_CXX_LANGUAGE_STANDARD = "gnu++14";
				CLANG_CXX_LIBRARY = "libc++";
				CLANG_ENABLE_MODULES = YES;
				CLANG_ENABLE_OBJC_ARC = YES;
				CLANG_ENABLE_OBJC_WEAK = YES;
				CLANG_WARN_BLOCK_CAPTURE_AUTORELEASING = YES;
				CLANG_WARN_BOOL_CONVERSION = YES;
				CLANG_WARN_COMMA = YES;
				CLANG_WARN_CONSTANT_CONVERSION = YES;
				CLANG_WARN_DEPRECATED_OBJC_IMPLEMENTATIONS = YES;
				CLANG_WARN_DIRECT_OBJC_ISA_USAGE = YES_ERROR;
				CLANG_WARN_DOCUMENTATION_COMMENTS = YES;
				CLANG_WARN_EMPTY_BODY = YES;
				CLANG_WARN_ENUM_CONVERSION = YES;
				CLANG_WARN_INFINITE_RECURSION = YES;
				CLANG_WARN_INT_CONVERSION = YES;
				CLANG_WARN_NON_LITERAL_NULL_CONVERSION = YES;
				CLANG_WARN_OBJC_IMPLICIT_RETAIN_SELF = YES;
				CLANG_WARN_OBJC_LITERAL_CONVERSION = YES;
				CLANG_WARN_OBJC_ROOT_CLASS = YES_ERROR;
				CLANG_WARN_QUOTED_INCLUDE_IN_FRAMEWORK_HEADER = YES;
				CLANG_WARN_RANGE_LOOP_ANALYSIS = YES;
				CLANG_WARN_STRICT_PROTOTYPES = YES;
				CLANG_WARN_SUSPICIOUS_MOVE = YES;
				CLANG_WARN_UNGUARDED_AVAILABILITY = YES_AGGRESSIVE;
				CLANG_WARN_UNREACHABLE_CODE = YES;
				CLANG_WARN__DUPLICATE_METHOD_MATCH = YES;
				COPY_PHASE_STRIP = NO;
				DEBUG_INFORMATION_FORMAT = dwarf;
				ENABLE_STRICT_OBJC_MSGSEND = YES;
				ENABLE_TESTABILITY = YES;
				GCC_C_LANGUAGE_STANDARD = gnu11;
				GCC_DYNAMIC_NO_PIC = NO;
				GCC_NO_COMMON_BLOCKS = YES;
				GCC_OPTIMIZATION_LEVEL = 0;
				GCC_PREPROCESSOR_DEFINITIONS = (
					"DEBUG=1",
					"$(inherited)",
				);
				GCC_WARN_64_TO_32_BIT_CONVERSION = YES;
				GCC_WARN_ABOUT_RETURN_TYPE = YES_ERROR;
				GCC_WARN_UNDECLARED_SELECTOR = YES;
				GCC_WARN_UNINITIALIZED_AUTOS = YES_AGGRESSIVE;
				GCC_WARN_UNUSED_FUNCTION = YES;
				GCC_WARN_UNUSED_VARIABLE = YES;
				IPHONEOS_DEPLOYMENT_TARGET = 14.5;
				MTL_ENABLE_DEBUG_INFO = INCLUDE_SOURCE;
				MTL_FAST_MATH = YES;
				ONLY_ACTIVE_ARCH = YES;
				SDKROOT = iphoneos;
				SWIFT_ACTIVE_COMPILATION_CONDITIONS = DEBUG;
				SWIFT_OPTIMIZATION_LEVEL = "-Onone";
			};
			name = Debug;
		};
		C6FDE0162688F8C100CBC270 /* Release */ = {
			isa = XCBuildConfiguration;
			buildSettings = {
				ALWAYS_SEARCH_USER_PATHS = NO;
				CLANG_ANALYZER_NONNULL = YES;
				CLANG_ANALYZER_NUMBER_OBJECT_CONVERSION = YES_AGGRESSIVE;
				CLANG_CXX_LANGUAGE_STANDARD = "gnu++14";
				CLANG_CXX_LIBRARY = "libc++";
				CLANG_ENABLE_MODULES = YES;
				CLANG_ENABLE_OBJC_ARC = YES;
				CLANG_ENABLE_OBJC_WEAK = YES;
				CLANG_WARN_BLOCK_CAPTURE_AUTORELEASING = YES;
				CLANG_WARN_BOOL_CONVERSION = YES;
				CLANG_WARN_COMMA = YES;
				CLANG_WARN_CONSTANT_CONVERSION = YES;
				CLANG_WARN_DEPRECATED_OBJC_IMPLEMENTATIONS = YES;
				CLANG_WARN_DIRECT_OBJC_ISA_USAGE = YES_ERROR;
				CLANG_WARN_DOCUMENTATION_COMMENTS = YES;
				CLANG_WARN_EMPTY_BODY = YES;
				CLANG_WARN_ENUM_CONVERSION = YES;
				CLANG_WARN_INFINITE_RECURSION = YES;
				CLANG_WARN_INT_CONVERSION = YES;
				CLANG_WARN_NON_LITERAL_NULL_CONVERSION = YES;
				CLANG_WARN_OBJC_IMPLICIT_RETAIN_SELF = YES;
				CLANG_WARN_OBJC_LITERAL_CONVERSION = YES;
				CLANG_WARN_OBJC_ROOT_CLASS = YES_ERROR;
				CLANG_WARN_QUOTED_INCLUDE_IN_FRAMEWORK_HEADER = YES;
				CLANG_WARN_RANGE_LOOP_ANALYSIS = YES;
				CLANG_WARN_STRICT_PROTOTYPES = YES;
				CLANG_WARN_SUSPICIOUS_MOVE = YES;
				CLANG_WARN_UNGUARDED_AVAILABILITY = YES_AGGRESSIVE;
				CLANG_WARN_UNREACHABLE_CODE = YES;
				CLANG_WARN__DUPLICATE_METHOD_MATCH = YES;
				COPY_PHASE_STRIP = NO;
				DEBUG_INFORMATION_FORMAT = "dwarf-with-dsym";
				ENABLE_NS_ASSERTIONS = NO;
				ENABLE_STRICT_OBJC_MSGSEND = YES;
				GCC_C_LANGUAGE_STANDARD = gnu11;
				GCC_NO_COMMON_BLOCKS = YES;
				GCC_WARN_64_TO_32_BIT_CONVERSION = YES;
				GCC_WARN_ABOUT_RETURN_TYPE = YES_ERROR;
				GCC_WARN_UNDECLARED_SELECTOR = YES;
				GCC_WARN_UNINITIALIZED_AUTOS = YES_AGGRESSIVE;
				GCC_WARN_UNUSED_FUNCTION = YES;
				GCC_WARN_UNUSED_VARIABLE = YES;
				IPHONEOS_DEPLOYMENT_TARGET = 14.5;
				MTL_ENABLE_DEBUG_INFO = NO;
				MTL_FAST_MATH = YES;
				SDKROOT = iphoneos;
				SWIFT_COMPILATION_MODE = wholemodule;
				SWIFT_OPTIMIZATION_LEVEL = "-O";
				VALIDATE_PRODUCT = YES;
			};
			name = Release;
		};
		C6FDE0182688F8C100CBC270 /* Debug */ = {
			isa = XCBuildConfiguration;
			baseConfigurationReference = 0DBD640F2C49C516B3FCDBD2 /* Pods-MitPostiOS.debug.xcconfig */;
			buildSettings = {
				ASSETCATALOG_COMPILER_APPICON_NAME = AppIcon;
				ASSETCATALOG_COMPILER_GLOBAL_ACCENT_COLOR_NAME = AccentColor;
				CODE_SIGN_STYLE = Automatic;
				DEVELOPMENT_TEAM = 6CPSMM6Y56;
				INFOPLIST_FILE = MitPostiOS/Info.plist;
				IPHONEOS_DEPLOYMENT_TARGET = 13.0;
				LD_RUNPATH_SEARCH_PATHS = (
					"$(inherited)",
					"@executable_path/Frameworks",
				);
				PRODUCT_BUNDLE_IDENTIFIER = R.MitPostiOS;
				PRODUCT_NAME = "$(TARGET_NAME)";
				SWIFT_VERSION = 5.0;
				TARGETED_DEVICE_FAMILY = 1;
			};
			name = Debug;
		};
		C6FDE0192688F8C100CBC270 /* Release */ = {
			isa = XCBuildConfiguration;
			baseConfigurationReference = 04F28976DA3AC0EA6F3A72DD /* Pods-MitPostiOS.release.xcconfig */;
			buildSettings = {
				ASSETCATALOG_COMPILER_APPICON_NAME = AppIcon;
				ASSETCATALOG_COMPILER_GLOBAL_ACCENT_COLOR_NAME = AccentColor;
				CODE_SIGN_STYLE = Automatic;
				DEVELOPMENT_TEAM = 6CPSMM6Y56;
				INFOPLIST_FILE = MitPostiOS/Info.plist;
				IPHONEOS_DEPLOYMENT_TARGET = 13.0;
				LD_RUNPATH_SEARCH_PATHS = (
					"$(inherited)",
					"@executable_path/Frameworks",
				);
				PRODUCT_BUNDLE_IDENTIFIER = R.MitPostiOS;
				PRODUCT_NAME = "$(TARGET_NAME)";
				SWIFT_VERSION = 5.0;
				TARGETED_DEVICE_FAMILY = 1;
			};
			name = Release;
		};
/* End XCBuildConfiguration section */

/* Begin XCConfigurationList section */
		C6FDDFFB2688F8BE00CBC270 /* Build configuration list for PBXProject "MitPostiOS" */ = {
			isa = XCConfigurationList;
			buildConfigurations = (
				C6FDE0152688F8C100CBC270 /* Debug */,
				C6FDE0162688F8C100CBC270 /* Release */,
			);
			defaultConfigurationIsVisible = 0;
			defaultConfigurationName = Release;
		};
		C6FDE0172688F8C100CBC270 /* Build configuration list for PBXNativeTarget "MitPostiOS" */ = {
			isa = XCConfigurationList;
			buildConfigurations = (
				C6FDE0182688F8C100CBC270 /* Debug */,
				C6FDE0192688F8C100CBC270 /* Release */,
			);
			defaultConfigurationIsVisible = 0;
			defaultConfigurationName = Release;
		};
/* End XCConfigurationList section */

/* Begin XCVersionGroup section */
		C6FDE00C2688F8BF00CBC270 /* MitPostiOS.xcdatamodeld */ = {
			isa = XCVersionGroup;
			children = (
				C6FDE00D2688F8BF00CBC270 /* MitPostiOS.xcdatamodel */,
			);
			currentVersion = C6FDE00D2688F8BF00CBC270 /* MitPostiOS.xcdatamodel */;
			path = MitPostiOS.xcdatamodeld;
			sourceTree = "<group>";
			versionGroupType = wrapper.xcdatamodel;
		};
/* End XCVersionGroup section */
	};
	rootObject = C6FDDFF82688F8BE00CBC270 /* Project object */;
}
